
Microsoft Visual Studio Solution File, Format Version 12.00
# Visual Studio Version 17
VisualStudioVersion = 17.14.36310.24 d17.14
MinimumVisualStudioVersion = 10.0.40219.1
Project("{FAE04EC0-301F-11D3-BF4B-00C04F79EFBC}") = "Ficheros_1", "Ficheros_1.csproj", "{F70594FC-7B16-4C80-9243-55D3B366EA40}"
EndProject
Global
	GlobalSection(SolutionConfigurationPlatforms) = preSolution
		Debug|Any CPU = Debug|Any CPU
		Release|Any CPU = Release|Any CPU
	EndGlobalSection
	GlobalSection(ProjectConfigurationPlatforms) = postSolution
		{F70594FC-7B16-4C80-9243-55D3B366EA40}.Debug|Any CPU.ActiveCfg = Debug|Any CPU
		{F70594FC-7B16-4C80-9243-55D3B366EA40}.Debug|Any CPU.Build.0 = Debug|Any CPU
		{F70594FC-7B16-4C80-9243-55D3B366EA40}.Release|Any CPU.ActiveCfg = Release|Any CPU
		{F70594FC-7B16-4C80-9243-55D3B366EA40}.Release|Any CPU.Build.0 = Release|Any CPU
	EndGlobalSection
	GlobalSection(SolutionProperties) = preSolution
		HideSolutionNode = FALSE
	EndGlobalSection
	GlobalSection(ExtensibilityGlobals) = postSolution
		SolutionGuid = {0183DA09-2D92-4B97-A99D-8397801A2D36}
	EndGlobalSection
EndGlobal
