
Microsoft Visual Studio Solution File, Format Version 12.00
# Visual Studio Version 17
VisualStudioVersion = 17.14.36310.24 d17.14
MinimumVisualStudioVersion = 10.0.40219.1
Project("{FAE04EC0-301F-11D3-BF4B-00C04F79EFBC}") = "Test_1", "Test_1.csproj", "{8898EE5E-1F35-4078-95D2-67643DEE87C6}"
EndProject
Global
	GlobalSection(SolutionConfigurationPlatforms) = preSolution
		Debug|Any CPU = Debug|Any CPU
		Release|Any CPU = Release|Any CPU
	EndGlobalSection
	GlobalSection(ProjectConfigurationPlatforms) = postSolution
		{8898EE5E-1F35-4078-95D2-67643DEE87C6}.Debug|Any CPU.ActiveCfg = Debug|Any CPU
		{8898EE5E-1F35-4078-95D2-67643DEE87C6}.Debug|Any CPU.Build.0 = Debug|Any CPU
		{8898EE5E-1F35-4078-95D2-67643DEE87C6}.Release|Any CPU.ActiveCfg = Release|Any CPU
		{8898EE5E-1F35-4078-95D2-67643DEE87C6}.Release|Any CPU.Build.0 = Release|Any CPU
	EndGlobalSection
	GlobalSection(SolutionProperties) = preSolution
		HideSolutionNode = FALSE
	EndGlobalSection
	GlobalSection(ExtensibilityGlobals) = postSolution
		SolutionGuid = {4BC16C03-4EA6-4152-86F3-AEB702D1EA25}
	EndGlobalSection
EndGlobal
