<<<<<<< HEAD
﻿
Microsoft Visual Studio Solution File, Format Version 12.00
# Visual Studio Version 17
VisualStudioVersion = 17.14.36310.24 d17.14
MinimumVisualStudioVersion = 10.0.40219.1
Project("{FAE04EC0-301F-11D3-BF4B-00C04F79EFBC}") = "Tets_1_Poo", "Tets_1_Poo.csproj", "{43D6901A-A631-4CC3-A22F-4D1F8917731F}"
EndProject
Global
	GlobalSection(SolutionConfigurationPlatforms) = preSolution
		Debug|Any CPU = Debug|Any CPU
		Release|Any CPU = Release|Any CPU
	EndGlobalSection
	GlobalSection(ProjectConfigurationPlatforms) = postSolution
		{43D6901A-A631-4CC3-A22F-4D1F8917731F}.Debug|Any CPU.ActiveCfg = Debug|Any CPU
		{43D6901A-A631-4CC3-A22F-4D1F8917731F}.Debug|Any CPU.Build.0 = Debug|Any CPU
		{43D6901A-A631-4CC3-A22F-4D1F8917731F}.Release|Any CPU.ActiveCfg = Release|Any CPU
		{43D6901A-A631-4CC3-A22F-4D1F8917731F}.Release|Any CPU.Build.0 = Release|Any CPU
	EndGlobalSection
	GlobalSection(SolutionProperties) = preSolution
		HideSolutionNode = FALSE
	EndGlobalSection
	GlobalSection(ExtensibilityGlobals) = postSolution
		SolutionGuid = {9C57451D-EEBD-4D75-9F45-0D87E5A89B75}
	EndGlobalSection
EndGlobal
=======
﻿
Microsoft Visual Studio Solution File, Format Version 12.00
# Visual Studio Version 17
VisualStudioVersion = 17.14.36310.24 d17.14
MinimumVisualStudioVersion = 10.0.40219.1
Project("{FAE04EC0-301F-11D3-BF4B-00C04F79EFBC}") = "Tets_1_Poo", "Tets_1_Poo.csproj", "{43D6901A-A631-4CC3-A22F-4D1F8917731F}"
EndProject
Global
	GlobalSection(SolutionConfigurationPlatforms) = preSolution
		Debug|Any CPU = Debug|Any CPU
		Release|Any CPU = Release|Any CPU
	EndGlobalSection
	GlobalSection(ProjectConfigurationPlatforms) = postSolution
		{43D6901A-A631-4CC3-A22F-4D1F8917731F}.Debug|Any CPU.ActiveCfg = Debug|Any CPU
		{43D6901A-A631-4CC3-A22F-4D1F8917731F}.Debug|Any CPU.Build.0 = Debug|Any CPU
		{43D6901A-A631-4CC3-A22F-4D1F8917731F}.Release|Any CPU.ActiveCfg = Release|Any CPU
		{43D6901A-A631-4CC3-A22F-4D1F8917731F}.Release|Any CPU.Build.0 = Release|Any CPU
	EndGlobalSection
	GlobalSection(SolutionProperties) = preSolution
		HideSolutionNode = FALSE
	EndGlobalSection
	GlobalSection(ExtensibilityGlobals) = postSolution
		SolutionGuid = {9C57451D-EEBD-4D75-9F45-0D87E5A89B75}
	EndGlobalSection
EndGlobal
>>>>>>> ffbac04138a85568f4d522e49aac8391c3104c35
