
Microsoft Visual Studio Solution File, Format Version 12.00
# Visual Studio Version 17
VisualStudioVersion = 17.14.36310.24 d17.14
MinimumVisualStudioVersion = 10.0.40219.1
Project("{FAE04EC0-301F-11D3-BF4B-00C04F79EFBC}") = "Solucion_Biblioteca", "Solucion_Biblioteca.csproj", "{10787AEC-B4A6-4292-AABD-74380F5DF3AA}"
EndProject
Global
	GlobalSection(SolutionConfigurationPlatforms) = preSolution
		Debug|Any CPU = Debug|Any CPU
		Release|Any CPU = Release|Any CPU
	EndGlobalSection
	GlobalSection(ProjectConfigurationPlatforms) = postSolution
		{10787AEC-B4A6-4292-AABD-74380F5DF3AA}.Debug|Any CPU.ActiveCfg = Debug|Any CPU
		{10787AEC-B4A6-4292-AABD-74380F5DF3AA}.Debug|Any CPU.Build.0 = Debug|Any CPU
		{10787AEC-B4A6-4292-AABD-74380F5DF3AA}.Release|Any CPU.ActiveCfg = Release|Any CPU
		{10787AEC-B4A6-4292-AABD-74380F5DF3AA}.Release|Any CPU.Build.0 = Release|Any CPU
	EndGlobalSection
	GlobalSection(SolutionProperties) = preSolution
		HideSolutionNode = FALSE
	EndGlobalSection
	GlobalSection(ExtensibilityGlobals) = postSolution
		SolutionGuid = {26FC00A7-7B1F-4A13-B9CB-62D35B79F8BE}
	EndGlobalSection
EndGlobal
